// !$*UTF8*$!
{
	archiveVersion = 1;
	classes = {
	};
	objectVersion = 50;
	objects = {

/* Begin PBXBuildFile section */
		5C720CBB26BFD96700C2F4A4 /* EmployeeListCell.swift in Sources */ = {isa = PBXBuildFile; fileRef = 5C720CBA26BFD96700C2F4A4 /* EmployeeListCell.swift */; };
		5C720CC426BFF04600C2F4A4 /* EmployeesGridViewTests.swift in Sources */ = {isa = PBXBuildFile; fileRef = 5C720CC326BFF04600C2F4A4 /* EmployeesGridViewTests.swift */; };
		5C720CC726BFF0BC00C2F4A4 /* EmployeesGridView.swift in Sources */ = {isa = PBXBuildFile; fileRef = 5C720CC626BFF0BC00C2F4A4 /* EmployeesGridView.swift */; };
		5C720CC926BFF1BF00C2F4A4 /* EmployeeGridCell.swift in Sources */ = {isa = PBXBuildFile; fileRef = 5C720CC826BFF1BF00C2F4A4 /* EmployeeGridCell.swift */; };
		5C720CCB26BFF48D00C2F4A4 /* EmployeesGridViewSnapshotTests.swift in Sources */ = {isa = PBXBuildFile; fileRef = 5C720CCA26BFF48D00C2F4A4 /* EmployeesGridViewSnapshotTests.swift */; };
		5C82107326BFA013006F62A6 /* AppDelegate.swift in Sources */ = {isa = PBXBuildFile; fileRef = 5C82107226BFA013006F62A6 /* AppDelegate.swift */; };
		5C82107526BFA013006F62A6 /* SceneDelegate.swift in Sources */ = {isa = PBXBuildFile; fileRef = 5C82107426BFA013006F62A6 /* SceneDelegate.swift */; };
		5C82107726BFA013006F62A6 /* ViewController.swift in Sources */ = {isa = PBXBuildFile; fileRef = 5C82107626BFA013006F62A6 /* ViewController.swift */; };
		5C82107C26BFA017006F62A6 /* Assets.xcassets in Resources */ = {isa = PBXBuildFile; fileRef = 5C82107B26BFA017006F62A6 /* Assets.xcassets */; };
		5C82107F26BFA017006F62A6 /* LaunchScreen.storyboard in Resources */ = {isa = PBXBuildFile; fileRef = 5C82107D26BFA017006F62A6 /* LaunchScreen.storyboard */; };
		5C82108D26BFA11A006F62A6 /* EmployeesListViewTests.swift in Sources */ = {isa = PBXBuildFile; fileRef = 5C82108C26BFA11A006F62A6 /* EmployeesListViewTests.swift */; };
		5C82109526BFACBF006F62A6 /* EmployeesListView.swift in Sources */ = {isa = PBXBuildFile; fileRef = 5C82109426BFACBF006F62A6 /* EmployeesListView.swift */; };
		5C82109726BFB1EB006F62A6 /* PresentableEmployee.swift in Sources */ = {isa = PBXBuildFile; fileRef = 5C82109626BFB1EB006F62A6 /* PresentableEmployee.swift */; };
		5C82109926BFBB5B006F62A6 /* EmployeesListViewSnapshotTests.swift in Sources */ = {isa = PBXBuildFile; fileRef = 5C82109826BFBB5B006F62A6 /* EmployeesListViewSnapshotTests.swift */; };
		5C82109C26BFC0DF006F62A6 /* XCTestCase+Snapshot.swift in Sources */ = {isa = PBXBuildFile; fileRef = 5C82109B26BFC0DF006F62A6 /* XCTestCase+Snapshot.swift */; };
		5C82109E26BFC12F006F62A6 /* UIViewController+Snapshot.swift in Sources */ = {isa = PBXBuildFile; fileRef = 5C82109D26BFC12F006F62A6 /* UIViewController+Snapshot.swift */; };
		5C94253026C0190900C9996C /* EmployeesPresenter.swift in Sources */ = {isa = PBXBuildFile; fileRef = 5C94252F26C0190900C9996C /* EmployeesPresenter.swift */; };
		5C94253826C0193600C9996C /* EmployeesPresenterTests.swift in Sources */ = {isa = PBXBuildFile; fileRef = 5C94253726C0193600C9996C /* EmployeesPresenterTests.swift */; };
		5C94254026C02BC900C9996C /* EmployeesView.swift in Sources */ = {isa = PBXBuildFile; fileRef = 5C94253F26C02BC900C9996C /* EmployeesView.swift */; };
/* End PBXBuildFile section */

/* Begin PBXContainerItemProxy section */
		5C82108F26BFA11A006F62A6 /* PBXContainerItemProxy */ = {
			isa = PBXContainerItemProxy;
			containerPortal = 5C82106726BFA013006F62A6 /* Project object */;
			proxyType = 1;
			remoteGlobalIDString = 5C82106E26BFA013006F62A6;
			remoteInfo = Factory;
		};
		5C94253A26C0193600C9996C /* PBXContainerItemProxy */ = {
			isa = PBXContainerItemProxy;
			containerPortal = 5C82106726BFA013006F62A6 /* Project object */;
			proxyType = 1;
			remoteGlobalIDString = 5C82106E26BFA013006F62A6;
			remoteInfo = Factory;
		};
/* End PBXContainerItemProxy section */

/* Begin PBXFileReference section */
		5C720CBA26BFD96700C2F4A4 /* EmployeeListCell.swift */ = {isa = PBXFileReference; lastKnownFileType = sourcecode.swift; path = EmployeeListCell.swift; sourceTree = "<group>"; };
		5C720CC326BFF04600C2F4A4 /* EmployeesGridViewTests.swift */ = {isa = PBXFileReference; lastKnownFileType = sourcecode.swift; path = EmployeesGridViewTests.swift; sourceTree = "<group>"; };
		5C720CC626BFF0BC00C2F4A4 /* EmployeesGridView.swift */ = {isa = PBXFileReference; lastKnownFileType = sourcecode.swift; path = EmployeesGridView.swift; sourceTree = "<group>"; };
		5C720CC826BFF1BF00C2F4A4 /* EmployeeGridCell.swift */ = {isa = PBXFileReference; lastKnownFileType = sourcecode.swift; path = EmployeeGridCell.swift; sourceTree = "<group>"; };
		5C720CCA26BFF48D00C2F4A4 /* EmployeesGridViewSnapshotTests.swift */ = {isa = PBXFileReference; lastKnownFileType = sourcecode.swift; path = EmployeesGridViewSnapshotTests.swift; sourceTree = "<group>"; };
		5C82106F26BFA013006F62A6 /* Factory.app */ = {isa = PBXFileReference; explicitFileType = wrapper.application; includeInIndex = 0; path = Factory.app; sourceTree = BUILT_PRODUCTS_DIR; };
		5C82107226BFA013006F62A6 /* AppDelegate.swift */ = {isa = PBXFileReference; lastKnownFileType = sourcecode.swift; path = AppDelegate.swift; sourceTree = "<group>"; };
		5C82107426BFA013006F62A6 /* SceneDelegate.swift */ = {isa = PBXFileReference; lastKnownFileType = sourcecode.swift; path = SceneDelegate.swift; sourceTree = "<group>"; };
		5C82107626BFA013006F62A6 /* ViewController.swift */ = {isa = PBXFileReference; lastKnownFileType = sourcecode.swift; path = ViewController.swift; sourceTree = "<group>"; };
		5C82107B26BFA017006F62A6 /* Assets.xcassets */ = {isa = PBXFileReference; lastKnownFileType = folder.assetcatalog; path = Assets.xcassets; sourceTree = "<group>"; };
		5C82107E26BFA017006F62A6 /* Base */ = {isa = PBXFileReference; lastKnownFileType = file.storyboard; name = Base; path = Base.lproj/LaunchScreen.storyboard; sourceTree = "<group>"; };
		5C82108026BFA017006F62A6 /* Info.plist */ = {isa = PBXFileReference; lastKnownFileType = text.plist.xml; path = Info.plist; sourceTree = "<group>"; };
		5C82108A26BFA11A006F62A6 /* FactoryUITests.xctest */ = {isa = PBXFileReference; explicitFileType = wrapper.cfbundle; includeInIndex = 0; path = FactoryUITests.xctest; sourceTree = BUILT_PRODUCTS_DIR; };
		5C82108C26BFA11A006F62A6 /* EmployeesListViewTests.swift */ = {isa = PBXFileReference; lastKnownFileType = sourcecode.swift; path = EmployeesListViewTests.swift; sourceTree = "<group>"; };
		5C82108E26BFA11A006F62A6 /* Info.plist */ = {isa = PBXFileReference; lastKnownFileType = text.plist.xml; path = Info.plist; sourceTree = "<group>"; };
		5C82109426BFACBF006F62A6 /* EmployeesListView.swift */ = {isa = PBXFileReference; lastKnownFileType = sourcecode.swift; path = EmployeesListView.swift; sourceTree = "<group>"; };
		5C82109626BFB1EB006F62A6 /* PresentableEmployee.swift */ = {isa = PBXFileReference; lastKnownFileType = sourcecode.swift; path = PresentableEmployee.swift; sourceTree = "<group>"; };
		5C82109826BFBB5B006F62A6 /* EmployeesListViewSnapshotTests.swift */ = {isa = PBXFileReference; lastKnownFileType = sourcecode.swift; path = EmployeesListViewSnapshotTests.swift; sourceTree = "<group>"; };
		5C82109B26BFC0DF006F62A6 /* XCTestCase+Snapshot.swift */ = {isa = PBXFileReference; lastKnownFileType = sourcecode.swift; path = "XCTestCase+Snapshot.swift"; sourceTree = "<group>"; };
		5C82109D26BFC12F006F62A6 /* UIViewController+Snapshot.swift */ = {isa = PBXFileReference; lastKnownFileType = sourcecode.swift; path = "UIViewController+Snapshot.swift"; sourceTree = "<group>"; };
		5C94252F26C0190900C9996C /* EmployeesPresenter.swift */ = {isa = PBXFileReference; lastKnownFileType = sourcecode.swift; path = EmployeesPresenter.swift; sourceTree = "<group>"; };
		5C94253526C0193600C9996C /* FactoryTests.xctest */ = {isa = PBXFileReference; explicitFileType = wrapper.cfbundle; includeInIndex = 0; path = FactoryTests.xctest; sourceTree = BUILT_PRODUCTS_DIR; };
		5C94253726C0193600C9996C /* EmployeesPresenterTests.swift */ = {isa = PBXFileReference; lastKnownFileType = sourcecode.swift; path = EmployeesPresenterTests.swift; sourceTree = "<group>"; };
		5C94253926C0193600C9996C /* Info.plist */ = {isa = PBXFileReference; lastKnownFileType = text.plist.xml; path = Info.plist; sourceTree = "<group>"; };
		5C94253F26C02BC900C9996C /* EmployeesView.swift */ = {isa = PBXFileReference; lastKnownFileType = sourcecode.swift; path = EmployeesView.swift; sourceTree = "<group>"; };
/* End PBXFileReference section */

/* Begin PBXFrameworksBuildPhase section */
		5C82106C26BFA013006F62A6 /* Frameworks */ = {
			isa = PBXFrameworksBuildPhase;
			buildActionMask = 2147483647;
			files = (
			);
			runOnlyForDeploymentPostprocessing = 0;
		};
		5C82108726BFA11A006F62A6 /* Frameworks */ = {
			isa = PBXFrameworksBuildPhase;
			buildActionMask = 2147483647;
			files = (
			);
			runOnlyForDeploymentPostprocessing = 0;
		};
		5C94253226C0193600C9996C /* Frameworks */ = {
			isa = PBXFrameworksBuildPhase;
			buildActionMask = 2147483647;
			files = (
			);
			runOnlyForDeploymentPostprocessing = 0;
		};
/* End PBXFrameworksBuildPhase section */

/* Begin PBXGroup section */
		5C720CBC26BFEE8900C2F4A4 /* Employees List View */ = {
			isa = PBXGroup;
			children = (
				5C82109426BFACBF006F62A6 /* EmployeesListView.swift */,
				5C720CBA26BFD96700C2F4A4 /* EmployeeListCell.swift */,
			);
			path = "Employees List View";
			sourceTree = "<group>";
		};
		5C720CBD26BFEE9B00C2F4A4 /* Models */ = {
			isa = PBXGroup;
			children = (
				5C82109626BFB1EB006F62A6 /* PresentableEmployee.swift */,
			);
			path = Models;
			sourceTree = "<group>";
		};
		5C720CBE26BFEEA700C2F4A4 /* Controllers */ = {
			isa = PBXGroup;
			children = (
				5C82107626BFA013006F62A6 /* ViewController.swift */,
			);
			path = Controllers;
			sourceTree = "<group>";
		};
		5C720CBF26BFEEC700C2F4A4 /* Views */ = {
			isa = PBXGroup;
			children = (
				5C720CC526BFF0A300C2F4A4 /* Employees Grid View */,
				5C720CBC26BFEE8900C2F4A4 /* Employees List View */,
				5C94253F26C02BC900C9996C /* EmployeesView.swift */,
			);
			path = Views;
			sourceTree = "<group>";
		};
		5C720CC126BFEF1000C2F4A4 /* Employees List View Tests */ = {
			isa = PBXGroup;
			children = (
				5C82108C26BFA11A006F62A6 /* EmployeesListViewTests.swift */,
				5C82109826BFBB5B006F62A6 /* EmployeesListViewSnapshotTests.swift */,
			);
			path = "Employees List View Tests";
			sourceTree = "<group>";
		};
		5C720CC226BFF01C00C2F4A4 /* Employees Grid View Tests */ = {
			isa = PBXGroup;
			children = (
				5C720CC326BFF04600C2F4A4 /* EmployeesGridViewTests.swift */,
				5C720CCA26BFF48D00C2F4A4 /* EmployeesGridViewSnapshotTests.swift */,
			);
			path = "Employees Grid View Tests";
			sourceTree = "<group>";
		};
		5C720CC526BFF0A300C2F4A4 /* Employees Grid View */ = {
			isa = PBXGroup;
			children = (
				5C720CC626BFF0BC00C2F4A4 /* EmployeesGridView.swift */,
				5C720CC826BFF1BF00C2F4A4 /* EmployeeGridCell.swift */,
			);
			path = "Employees Grid View";
			sourceTree = "<group>";
		};
		5C82106626BFA013006F62A6 = {
			isa = PBXGroup;
			children = (
				5C82107126BFA013006F62A6 /* Factory */,
				5C82108B26BFA11A006F62A6 /* FactoryUITests */,
				5C94253626C0193600C9996C /* FactoryTests */,
				5C82107026BFA013006F62A6 /* Products */,
			);
			sourceTree = "<group>";
		};
		5C82107026BFA013006F62A6 /* Products */ = {
			isa = PBXGroup;
			children = (
				5C82106F26BFA013006F62A6 /* Factory.app */,
				5C82108A26BFA11A006F62A6 /* FactoryUITests.xctest */,
				5C94253526C0193600C9996C /* FactoryTests.xctest */,
			);
			name = Products;
			sourceTree = "<group>";
		};
		5C82107126BFA013006F62A6 /* Factory */ = {
			isa = PBXGroup;
			children = (
				5C82107226BFA013006F62A6 /* AppDelegate.swift */,
				5C82107426BFA013006F62A6 /* SceneDelegate.swift */,
				5C720CBE26BFEEA700C2F4A4 /* Controllers */,
				5C94252E26C018F400C9996C /* Presenters */,
				5C720CBF26BFEEC700C2F4A4 /* Views */,
				5C720CBD26BFEE9B00C2F4A4 /* Models */,
				5C82107B26BFA017006F62A6 /* Assets.xcassets */,
				5C82107D26BFA017006F62A6 /* LaunchScreen.storyboard */,
				5C82108026BFA017006F62A6 /* Info.plist */,
			);
			path = Factory;
			sourceTree = "<group>";
		};
		5C82108B26BFA11A006F62A6 /* FactoryUITests */ = {
			isa = PBXGroup;
			children = (
				5C720CC226BFF01C00C2F4A4 /* Employees Grid View Tests */,
				5C720CC126BFEF1000C2F4A4 /* Employees List View Tests */,
				5C82109A26BFC0BC006F62A6 /* Snapshot Helpers */,
				5C82108E26BFA11A006F62A6 /* Info.plist */,
			);
			path = FactoryUITests;
			sourceTree = "<group>";
		};
		5C82109A26BFC0BC006F62A6 /* Snapshot Helpers */ = {
			isa = PBXGroup;
			children = (
				5C82109B26BFC0DF006F62A6 /* XCTestCase+Snapshot.swift */,
				5C82109D26BFC12F006F62A6 /* UIViewController+Snapshot.swift */,
			);
			path = "Snapshot Helpers";
			sourceTree = "<group>";
		};
		5C94252E26C018F400C9996C /* Presenters */ = {
			isa = PBXGroup;
			children = (
				5C94252F26C0190900C9996C /* EmployeesPresenter.swift */,
			);
			path = Presenters;
			sourceTree = "<group>";
		};
		5C94253626C0193600C9996C /* FactoryTests */ = {
			isa = PBXGroup;
			children = (
				5C94253726C0193600C9996C /* EmployeesPresenterTests.swift */,
				5C94253926C0193600C9996C /* Info.plist */,
			);
			path = FactoryTests;
			sourceTree = "<group>";
		};
/* End PBXGroup section */

/* Begin PBXNativeTarget section */
		5C82106E26BFA013006F62A6 /* Factory */ = {
			isa = PBXNativeTarget;
			buildConfigurationList = 5C82108326BFA017006F62A6 /* Build configuration list for PBXNativeTarget "Factory" */;
			buildPhases = (
				5C82106B26BFA013006F62A6 /* Sources */,
				5C82106C26BFA013006F62A6 /* Frameworks */,
				5C82106D26BFA013006F62A6 /* Resources */,
			);
			buildRules = (
			);
			dependencies = (
			);
			name = Factory;
			productName = Factory;
			productReference = 5C82106F26BFA013006F62A6 /* Factory.app */;
			productType = "com.apple.product-type.application";
		};
		5C82108926BFA11A006F62A6 /* FactoryUITests */ = {
			isa = PBXNativeTarget;
			buildConfigurationList = 5C82109126BFA11A006F62A6 /* Build configuration list for PBXNativeTarget "FactoryUITests" */;
			buildPhases = (
				5C82108626BFA11A006F62A6 /* Sources */,
				5C82108726BFA11A006F62A6 /* Frameworks */,
				5C82108826BFA11A006F62A6 /* Resources */,
			);
			buildRules = (
			);
			dependencies = (
				5C82109026BFA11A006F62A6 /* PBXTargetDependency */,
			);
			name = FactoryUITests;
			productName = FactoryUITests;
			productReference = 5C82108A26BFA11A006F62A6 /* FactoryUITests.xctest */;
			productType = "com.apple.product-type.bundle.unit-test";
		};
		5C94253426C0193600C9996C /* FactoryTests */ = {
			isa = PBXNativeTarget;
			buildConfigurationList = 5C94253C26C0193600C9996C /* Build configuration list for PBXNativeTarget "FactoryTests" */;
			buildPhases = (
				5C94253126C0193600C9996C /* Sources */,
				5C94253226C0193600C9996C /* Frameworks */,
				5C94253326C0193600C9996C /* Resources */,
			);
			buildRules = (
			);
			dependencies = (
				5C94253B26C0193600C9996C /* PBXTargetDependency */,
			);
			name = FactoryTests;
			productName = FactoryTests;
			productReference = 5C94253526C0193600C9996C /* FactoryTests.xctest */;
			productType = "com.apple.product-type.bundle.unit-test";
		};
/* End PBXNativeTarget section */

/* Begin PBXProject section */
		5C82106726BFA013006F62A6 /* Project object */ = {
			isa = PBXProject;
			attributes = {
				LastSwiftUpdateCheck = 1250;
				LastUpgradeCheck = 1250;
				TargetAttributes = {
					5C82106E26BFA013006F62A6 = {
						CreatedOnToolsVersion = 12.5.1;
					};
					5C82108926BFA11A006F62A6 = {
						CreatedOnToolsVersion = 12.5.1;
						TestTargetID = 5C82106E26BFA013006F62A6;
					};
					5C94253426C0193600C9996C = {
						CreatedOnToolsVersion = 12.5.1;
						TestTargetID = 5C82106E26BFA013006F62A6;
					};
				};
			};
			buildConfigurationList = 5C82106A26BFA013006F62A6 /* Build configuration list for PBXProject "Factory" */;
			compatibilityVersion = "Xcode 9.3";
			developmentRegion = en;
			hasScannedForEncodings = 0;
			knownRegions = (
				en,
				Base,
			);
			mainGroup = 5C82106626BFA013006F62A6;
			productRefGroup = 5C82107026BFA013006F62A6 /* Products */;
			projectDirPath = "";
			projectRoot = "";
			targets = (
				5C82106E26BFA013006F62A6 /* Factory */,
				5C82108926BFA11A006F62A6 /* FactoryUITests */,
				5C94253426C0193600C9996C /* FactoryTests */,
			);
		};
/* End PBXProject section */

/* Begin PBXResourcesBuildPhase section */
		5C82106D26BFA013006F62A6 /* Resources */ = {
			isa = PBXResourcesBuildPhase;
			buildActionMask = 2147483647;
			files = (
				5C82107F26BFA017006F62A6 /* LaunchScreen.storyboard in Resources */,
				5C82107C26BFA017006F62A6 /* Assets.xcassets in Resources */,
			);
			runOnlyForDeploymentPostprocessing = 0;
		};
		5C82108826BFA11A006F62A6 /* Resources */ = {
			isa = PBXResourcesBuildPhase;
			buildActionMask = 2147483647;
			files = (
			);
			runOnlyForDeploymentPostprocessing = 0;
		};
		5C94253326C0193600C9996C /* Resources */ = {
			isa = PBXResourcesBuildPhase;
			buildActionMask = 2147483647;
			files = (
			);
			runOnlyForDeploymentPostprocessing = 0;
		};
/* End PBXResourcesBuildPhase section */

/* Begin PBXSourcesBuildPhase section */
		5C82106B26BFA013006F62A6 /* Sources */ = {
			isa = PBXSourcesBuildPhase;
			buildActionMask = 2147483647;
			files = (
				5C82109526BFACBF006F62A6 /* EmployeesListView.swift in Sources */,
				5C720CBB26BFD96700C2F4A4 /* EmployeeListCell.swift in Sources */,
				5C94254026C02BC900C9996C /* EmployeesView.swift in Sources */,
				5C82107726BFA013006F62A6 /* ViewController.swift in Sources */,
				5C720CC726BFF0BC00C2F4A4 /* EmployeesGridView.swift in Sources */,
				5C82107326BFA013006F62A6 /* AppDelegate.swift in Sources */,
				5C82109726BFB1EB006F62A6 /* PresentableEmployee.swift in Sources */,
				5C82107526BFA013006F62A6 /* SceneDelegate.swift in Sources */,
				5C94253026C0190900C9996C /* EmployeesPresenter.swift in Sources */,
				5C720CC926BFF1BF00C2F4A4 /* EmployeeGridCell.swift in Sources */,
			);
			runOnlyForDeploymentPostprocessing = 0;
		};
		5C82108626BFA11A006F62A6 /* Sources */ = {
			isa = PBXSourcesBuildPhase;
			buildActionMask = 2147483647;
			files = (
				5C82109C26BFC0DF006F62A6 /* XCTestCase+Snapshot.swift in Sources */,
				5C82109926BFBB5B006F62A6 /* EmployeesListViewSnapshotTests.swift in Sources */,
				5C720CC426BFF04600C2F4A4 /* EmployeesGridViewTests.swift in Sources */,
				5C82109E26BFC12F006F62A6 /* UIViewController+Snapshot.swift in Sources */,
				5C720CCB26BFF48D00C2F4A4 /* EmployeesGridViewSnapshotTests.swift in Sources */,
				5C82108D26BFA11A006F62A6 /* EmployeesListViewTests.swift in Sources */,
			);
			runOnlyForDeploymentPostprocessing = 0;
		};
		5C94253126C0193600C9996C /* Sources */ = {
			isa = PBXSourcesBuildPhase;
			buildActionMask = 2147483647;
			files = (
				5C94253826C0193600C9996C /* EmployeesPresenterTests.swift in Sources */,
			);
			runOnlyForDeploymentPostprocessing = 0;
		};
/* End PBXSourcesBuildPhase section */

/* Begin PBXTargetDependency section */
		5C82109026BFA11A006F62A6 /* PBXTargetDependency */ = {
			isa = PBXTargetDependency;
			target = 5C82106E26BFA013006F62A6 /* Factory */;
			targetProxy = 5C82108F26BFA11A006F62A6 /* PBXContainerItemProxy */;
		};
		5C94253B26C0193600C9996C /* PBXTargetDependency */ = {
			isa = PBXTargetDependency;
			target = 5C82106E26BFA013006F62A6 /* Factory */;
			targetProxy = 5C94253A26C0193600C9996C /* PBXContainerItemProxy */;
		};
/* End PBXTargetDependency section */

/* Begin PBXVariantGroup section */
		5C82107D26BFA017006F62A6 /* LaunchScreen.storyboard */ = {
			isa = PBXVariantGroup;
			children = (
				5C82107E26BFA017006F62A6 /* Base */,
			);
			name = LaunchScreen.storyboard;
			sourceTree = "<group>";
		};
/* End PBXVariantGroup section */

/* Begin XCBuildConfiguration section */
		5C82108126BFA017006F62A6 /* Debug */ = {
			isa = XCBuildConfiguration;
			buildSettings = {
				ALWAYS_SEARCH_USER_PATHS = NO;
				CLANG_ANALYZER_NONNULL = YES;
				CLANG_ANALYZER_NUMBER_OBJECT_CONVERSION = YES_AGGRESSIVE;
				CLANG_CXX_LANGUAGE_STANDARD = "gnu++14";
				CLANG_CXX_LIBRARY = "libc++";
				CLANG_ENABLE_MODULES = YES;
				CLANG_ENABLE_OBJC_ARC = YES;
				CLANG_ENABLE_OBJC_WEAK = YES;
				CLANG_WARN_BLOCK_CAPTURE_AUTORELEASING = YES;
				CLANG_WARN_BOOL_CONVERSION = YES;
				CLANG_WARN_COMMA = YES;
				CLANG_WARN_CONSTANT_CONVERSION = YES;
				CLANG_WARN_DEPRECATED_OBJC_IMPLEMENTATIONS = YES;
				CLANG_WARN_DIRECT_OBJC_ISA_USAGE = YES_ERROR;
				CLANG_WARN_DOCUMENTATION_COMMENTS = YES;
				CLANG_WARN_EMPTY_BODY = YES;
				CLANG_WARN_ENUM_CONVERSION = YES;
				CLANG_WARN_INFINITE_RECURSION = YES;
				CLANG_WARN_INT_CONVERSION = YES;
				CLANG_WARN_NON_LITERAL_NULL_CONVERSION = YES;
				CLANG_WARN_OBJC_IMPLICIT_RETAIN_SELF = YES;
				CLANG_WARN_OBJC_LITERAL_CONVERSION = YES;
				CLANG_WARN_OBJC_ROOT_CLASS = YES_ERROR;
				CLANG_WARN_QUOTED_INCLUDE_IN_FRAMEWORK_HEADER = YES;
				CLANG_WARN_RANGE_LOOP_ANALYSIS = YES;
				CLANG_WARN_STRICT_PROTOTYPES = YES;
				CLANG_WARN_SUSPICIOUS_MOVE = YES;
				CLANG_WARN_UNGUARDED_AVAILABILITY = YES_AGGRESSIVE;
				CLANG_WARN_UNREACHABLE_CODE = YES;
				CLANG_WARN__DUPLICATE_METHOD_MATCH = YES;
				COPY_PHASE_STRIP = NO;
				DEBUG_INFORMATION_FORMAT = dwarf;
				ENABLE_STRICT_OBJC_MSGSEND = YES;
				ENABLE_TESTABILITY = YES;
				GCC_C_LANGUAGE_STANDARD = gnu11;
				GCC_DYNAMIC_NO_PIC = NO;
				GCC_NO_COMMON_BLOCKS = YES;
				GCC_OPTIMIZATION_LEVEL = 0;
				GCC_PREPROCESSOR_DEFINITIONS = (
					"DEBUG=1",
					"$(inherited)",
				);
				GCC_WARN_64_TO_32_BIT_CONVERSION = YES;
				GCC_WARN_ABOUT_RETURN_TYPE = YES_ERROR;
				GCC_WARN_UNDECLARED_SELECTOR = YES;
				GCC_WARN_UNINITIALIZED_AUTOS = YES_AGGRESSIVE;
				GCC_WARN_UNUSED_FUNCTION = YES;
				GCC_WARN_UNUSED_VARIABLE = YES;
				IPHONEOS_DEPLOYMENT_TARGET = 14.5;
				MTL_ENABLE_DEBUG_INFO = INCLUDE_SOURCE;
				MTL_FAST_MATH = YES;
				ONLY_ACTIVE_ARCH = YES;
				SDKROOT = iphoneos;
				SWIFT_ACTIVE_COMPILATION_CONDITIONS = DEBUG;
				SWIFT_OPTIMIZATION_LEVEL = "-Onone";
			};
			name = Debug;
		};
		5C82108226BFA017006F62A6 /* Release */ = {
			isa = XCBuildConfiguration;
			buildSettings = {
				ALWAYS_SEARCH_USER_PATHS = NO;
				CLANG_ANALYZER_NONNULL = YES;
				CLANG_ANALYZER_NUMBER_OBJECT_CONVERSION = YES_AGGRESSIVE;
				CLANG_CXX_LANGUAGE_STANDARD = "gnu++14";
				CLANG_CXX_LIBRARY = "libc++";
				CLANG_ENABLE_MODULES = YES;
				CLANG_ENABLE_OBJC_ARC = YES;
				CLANG_ENABLE_OBJC_WEAK = YES;
				CLANG_WARN_BLOCK_CAPTURE_AUTORELEASING = YES;
				CLANG_WARN_BOOL_CONVERSION = YES;
				CLANG_WARN_COMMA = YES;
				CLANG_WARN_CONSTANT_CONVERSION = YES;
				CLANG_WARN_DEPRECATED_OBJC_IMPLEMENTATIONS = YES;
				CLANG_WARN_DIRECT_OBJC_ISA_USAGE = YES_ERROR;
				CLANG_WARN_DOCUMENTATION_COMMENTS = YES;
				CLANG_WARN_EMPTY_BODY = YES;
				CLANG_WARN_ENUM_CONVERSION = YES;
				CLANG_WARN_INFINITE_RECURSION = YES;
				CLANG_WARN_INT_CONVERSION = YES;
				CLANG_WARN_NON_LITERAL_NULL_CONVERSION = YES;
				CLANG_WARN_OBJC_IMPLICIT_RETAIN_SELF = YES;
				CLANG_WARN_OBJC_LITERAL_CONVERSION = YES;
				CLANG_WARN_OBJC_ROOT_CLASS = YES_ERROR;
				CLANG_WARN_QUOTED_INCLUDE_IN_FRAMEWORK_HEADER = YES;
				CLANG_WARN_RANGE_LOOP_ANALYSIS = YES;
				CLANG_WARN_STRICT_PROTOTYPES = YES;
				CLANG_WARN_SUSPICIOUS_MOVE = YES;
				CLANG_WARN_UNGUARDED_AVAILABILITY = YES_AGGRESSIVE;
				CLANG_WARN_UNREACHABLE_CODE = YES;
				CLANG_WARN__DUPLICATE_METHOD_MATCH = YES;
				COPY_PHASE_STRIP = NO;
				DEBUG_INFORMATION_FORMAT = "dwarf-with-dsym";
				ENABLE_NS_ASSERTIONS = NO;
				ENABLE_STRICT_OBJC_MSGSEND = YES;
				GCC_C_LANGUAGE_STANDARD = gnu11;
				GCC_NO_COMMON_BLOCKS = YES;
				GCC_WARN_64_TO_32_BIT_CONVERSION = YES;
				GCC_WARN_ABOUT_RETURN_TYPE = YES_ERROR;
				GCC_WARN_UNDECLARED_SELECTOR = YES;
				GCC_WARN_UNINITIALIZED_AUTOS = YES_AGGRESSIVE;
				GCC_WARN_UNUSED_FUNCTION = YES;
				GCC_WARN_UNUSED_VARIABLE = YES;
				IPHONEOS_DEPLOYMENT_TARGET = 14.5;
				MTL_ENABLE_DEBUG_INFO = NO;
				MTL_FAST_MATH = YES;
				SDKROOT = iphoneos;
				SWIFT_COMPILATION_MODE = wholemodule;
				SWIFT_OPTIMIZATION_LEVEL = "-O";
				VALIDATE_PRODUCT = YES;
			};
			name = Release;
		};
		5C82108426BFA017006F62A6 /* Debug */ = {
			isa = XCBuildConfiguration;
			buildSettings = {
				ASSETCATALOG_COMPILER_APPICON_NAME = AppIcon;
				ASSETCATALOG_COMPILER_GLOBAL_ACCENT_COLOR_NAME = AccentColor;
				CODE_SIGN_STYLE = Automatic;
				DEVELOPMENT_TEAM = 95T69XHSY5;
				INFOPLIST_FILE = Factory/Info.plist;
				LD_RUNPATH_SEARCH_PATHS = (
					"$(inherited)",
					"@executable_path/Frameworks",
				);
				PRODUCT_BUNDLE_IDENTIFIER = com.alok.Factory;
				PRODUCT_NAME = "$(TARGET_NAME)";
				SWIFT_VERSION = 5.0;
				TARGETED_DEVICE_FAMILY = "1,2";
			};
			name = Debug;
		};
		5C82108526BFA017006F62A6 /* Release */ = {
			isa = XCBuildConfiguration;
			buildSettings = {
				ASSETCATALOG_COMPILER_APPICON_NAME = AppIcon;
				ASSETCATALOG_COMPILER_GLOBAL_ACCENT_COLOR_NAME = AccentColor;
				CODE_SIGN_STYLE = Automatic;
				DEVELOPMENT_TEAM = 95T69XHSY5;
				INFOPLIST_FILE = Factory/Info.plist;
				LD_RUNPATH_SEARCH_PATHS = (
					"$(inherited)",
					"@executable_path/Frameworks",
				);
				PRODUCT_BUNDLE_IDENTIFIER = com.alok.Factory;
				PRODUCT_NAME = "$(TARGET_NAME)";
				SWIFT_VERSION = 5.0;
				TARGETED_DEVICE_FAMILY = "1,2";
			};
			name = Release;
		};
		5C82109226BFA11A006F62A6 /* Debug */ = {
			isa = XCBuildConfiguration;
			buildSettings = {
				BUNDLE_LOADER = "$(TEST_HOST)";
				CODE_SIGN_STYLE = Automatic;
				DEVELOPMENT_TEAM = 95T69XHSY5;
				INFOPLIST_FILE = FactoryUITests/Info.plist;
				LD_RUNPATH_SEARCH_PATHS = (
					"$(inherited)",
					"@executable_path/Frameworks",
					"@loader_path/Frameworks",
				);
				PRODUCT_BUNDLE_IDENTIFIER = com.alok.FactoryUITests;
				PRODUCT_NAME = "$(TARGET_NAME)";
				SWIFT_VERSION = 5.0;
				TARGETED_DEVICE_FAMILY = "1,2";
				TEST_HOST = "$(BUILT_PRODUCTS_DIR)/Factory.app/Factory";
			};
			name = Debug;
		};
		5C82109326BFA11A006F62A6 /* Release */ = {
			isa = XCBuildConfiguration;
			buildSettings = {
				BUNDLE_LOADER = "$(TEST_HOST)";
				CODE_SIGN_STYLE = Automatic;
				DEVELOPMENT_TEAM = 95T69XHSY5;
				INFOPLIST_FILE = FactoryUITests/Info.plist;
				LD_RUNPATH_SEARCH_PATHS = (
					"$(inherited)",
					"@executable_path/Frameworks",
					"@loader_path/Frameworks",
				);
				PRODUCT_BUNDLE_IDENTIFIER = com.alok.FactoryUITests;
				PRODUCT_NAME = "$(TARGET_NAME)";
				SWIFT_VERSION = 5.0;
				TARGETED_DEVICE_FAMILY = "1,2";
				TEST_HOST = "$(BUILT_PRODUCTS_DIR)/Factory.app/Factory";
			};
			name = Release;
		};
		5C94253D26C0193600C9996C /* Debug */ = {
			isa = XCBuildConfiguration;
			buildSettings = {
				BUNDLE_LOADER = "$(TEST_HOST)";
				CODE_SIGN_STYLE = Automatic;
				DEVELOPMENT_TEAM = 95T69XHSY5;
				INFOPLIST_FILE = FactoryTests/Info.plist;
				LD_RUNPATH_SEARCH_PATHS = (
					"$(inherited)",
					"@executable_path/Frameworks",
					"@loader_path/Frameworks",
				);
				PRODUCT_BUNDLE_IDENTIFIER = com.alok.FactoryTests;
				PRODUCT_NAME = "$(TARGET_NAME)";
				SWIFT_VERSION = 5.0;
				TARGETED_DEVICE_FAMILY = "1,2";
				TEST_HOST = "$(BUILT_PRODUCTS_DIR)/Factory.app/Factory";
			};
			name = Debug;
		};
		5C94253E26C0193600C9996C /* Release */ = {
			isa = XCBuildConfiguration;
			buildSettings = {
				BUNDLE_LOADER = "$(TEST_HOST)";
				CODE_SIGN_STYLE = Automatic;
				DEVELOPMENT_TEAM = 95T69XHSY5;
				INFOPLIST_FILE = FactoryTests/Info.plist;
				LD_RUNPATH_SEARCH_PATHS = (
					"$(inherited)",
					"@executable_path/Frameworks",
					"@loader_path/Frameworks",
				);
				PRODUCT_BUNDLE_IDENTIFIER = com.alok.FactoryTests;
				PRODUCT_NAME = "$(TARGET_NAME)";
				SWIFT_VERSION = 5.0;
				TARGETED_DEVICE_FAMILY = "1,2";
				TEST_HOST = "$(BUILT_PRODUCTS_DIR)/Factory.app/Factory";
			};
			name = Release;
		};
/* End XCBuildConfiguration section */

/* Begin XCConfigurationList section */
		5C82106A26BFA013006F62A6 /* Build configuration list for PBXProject "Factory" */ = {
			isa = XCConfigurationList;
			buildConfigurations = (
				5C82108126BFA017006F62A6 /* Debug */,
				5C82108226BFA017006F62A6 /* Release */,
			);
			defaultConfigurationIsVisible = 0;
			defaultConfigurationName = Release;
		};
		5C82108326BFA017006F62A6 /* Build configuration list for PBXNativeTarget "Factory" */ = {
			isa = XCConfigurationList;
			buildConfigurations = (
				5C82108426BFA017006F62A6 /* Debug */,
				5C82108526BFA017006F62A6 /* Release */,
			);
			defaultConfigurationIsVisible = 0;
			defaultConfigurationName = Release;
		};
		5C82109126BFA11A006F62A6 /* Build configuration list for PBXNativeTarget "FactoryUITests" */ = {
			isa = XCConfigurationList;
			buildConfigurations = (
				5C82109226BFA11A006F62A6 /* Debug */,
				5C82109326BFA11A006F62A6 /* Release */,
			);
			defaultConfigurationIsVisible = 0;
			defaultConfigurationName = Release;
		};
		5C94253C26C0193600C9996C /* Build configuration list for PBXNativeTarget "FactoryTests" */ = {
			isa = XCConfigurationList;
			buildConfigurations = (
				5C94253D26C0193600C9996C /* Debug */,
				5C94253E26C0193600C9996C /* Release */,
			);
			defaultConfigurationIsVisible = 0;
			defaultConfigurationName = Release;
		};
/* End XCConfigurationList section */
	};
	rootObject = 5C82106726BFA013006F62A6 /* Project object */;
}
